
Microsoft Visual Studio Solution File, Format Version 12.00
# Visual Studio Version 17
VisualStudioVersion = 17.12.35707.178
MinimumVisualStudioVersion = 10.0.40219.1
Project("{2150E333-8FDC-42A3-9474-1A3956D46DE8}") = "Services", "Services", "{7BCFA0FA-3E10-4E90-9158-7EF40A2815A5}"
EndProject
Project("{2150E333-8FDC-42A3-9474-1A3956D46DE8}") = "Account", "Account", "{DA3EEC32-4820-48D2-9677-F7CD68A1C44A}"
EndProject
Project("{2150E333-8FDC-42A3-9474-1A3956D46DE8}") = "BuildingBlocks", "BuildingBlocks", "{4F2EE33D-7862-4F60-8153-0102D9B86F98}"
EndProject
Project("{FAE04EC0-301F-11D3-BF4B-00C04F79EFBC}") = "BuildingBlocks", "BuildingBlocks\BuildingBlocks\BuildingBlocks.csproj", "{F954EDF3-DD71-432E-8F1B-5CEB31F04B37}"
EndProject
Project("{2150E333-8FDC-42A3-9474-1A3956D46DE8}") = "Catalog", "Catalog", "{B7F1CA42-0297-43D8-AAD8-7530924D8619}"
EndProject
Project("{2150E333-8FDC-42A3-9474-1A3956D46DE8}") = "Document", "Document", "{CDF7D092-A4B7-434C-BA47-2D6CC9DAF9DB}"
EndProject
Project("{2150E333-8FDC-42A3-9474-1A3956D46DE8}") = "Booking", "Booking", "{86C40DE6-C12A-4FBD-8673-7DEB01925677}"
EndProject
Project("{2150E333-8FDC-42A3-9474-1A3956D46DE8}") = "Notification", "Notification", "{D7F72F21-0027-4188-9BB9-F6AB68983977}"
EndProject
Project("{FAE04EC0-301F-11D3-BF4B-00C04F79EFBC}") = "Account.API", "Services\Account\Account.API\Account.API.csproj", "{B67B572C-50C1-4A69-A052-4542740F8965}"
EndProject
Project("{FAE04EC0-301F-11D3-BF4B-00C04F79EFBC}") = "Booking.API", "Services\Booking\Booking.API\Booking.API.csproj", "{9E78CA7E-FD84-474D-9B31-2F403F9A7331}"
EndProject
Project("{FAE04EC0-301F-11D3-BF4B-00C04F79EFBC}") = "Catalog.API", "Services\Catalog\Catalog.API\Catalog.API.csproj", "{5107E5B4-4555-4D57-AD05-D929CDAA5F1F}"
EndProject
Project("{FAE04EC0-301F-11D3-BF4B-00C04F79EFBC}") = "Document.API", "Services\Document\Document.API\Document.API.csproj", "{8CEEAFDC-F72E-4356-9770-E365CAB6E50A}"
EndProject
Project("{FAE04EC0-301F-11D3-BF4B-00C04F79EFBC}") = "Notification.API", "Services\Notification\Notification.API\Notification.API.csproj", "{31197FF1-AB75-4AA5-BBED-DB821EC2B25C}"
EndProject
Project("{2150E333-8FDC-42A3-9474-1A3956D46DE8}") = "ApiGateways", "ApiGateways", "{65E2724B-9564-4829-B0ED-A0E5D27034F3}"
EndProject
Project("{FAE04EC0-301F-11D3-BF4B-00C04F79EFBC}") = "YarpApiGateway", "ApiGateways\YarpApiGateway\YarpApiGateway.csproj", "{67FAE321-B1F2-401B-B5F6-520D3FC7A2E3}"
EndProject
Global
	GlobalSection(SolutionConfigurationPlatforms) = preSolution
		Debug|Any CPU = Debug|Any CPU
		Release|Any CPU = Release|Any CPU
	EndGlobalSection
	GlobalSection(ProjectConfigurationPlatforms) = postSolution
		{F954EDF3-DD71-432E-8F1B-5CEB31F04B37}.Debug|Any CPU.ActiveCfg = Debug|Any CPU
		{F954EDF3-DD71-432E-8F1B-5CEB31F04B37}.Debug|Any CPU.Build.0 = Debug|Any CPU
		{F954EDF3-DD71-432E-8F1B-5CEB31F04B37}.Release|Any CPU.ActiveCfg = Release|Any CPU
		{F954EDF3-DD71-432E-8F1B-5CEB31F04B37}.Release|Any CPU.Build.0 = Release|Any CPU
		{B67B572C-50C1-4A69-A052-4542740F8965}.Debug|Any CPU.ActiveCfg = Debug|Any CPU
		{B67B572C-50C1-4A69-A052-4542740F8965}.Debug|Any CPU.Build.0 = Debug|Any CPU
		{B67B572C-50C1-4A69-A052-4542740F8965}.Release|Any CPU.ActiveCfg = Release|Any CPU
		{B67B572C-50C1-4A69-A052-4542740F8965}.Release|Any CPU.Build.0 = Release|Any CPU
		{9E78CA7E-FD84-474D-9B31-2F403F9A7331}.Debug|Any CPU.ActiveCfg = Debug|Any CPU
		{9E78CA7E-FD84-474D-9B31-2F403F9A7331}.Debug|Any CPU.Build.0 = Debug|Any CPU
		{9E78CA7E-FD84-474D-9B31-2F403F9A7331}.Release|Any CPU.ActiveCfg = Release|Any CPU
		{9E78CA7E-FD84-474D-9B31-2F403F9A7331}.Release|Any CPU.Build.0 = Release|Any CPU
		{5107E5B4-4555-4D57-AD05-D929CDAA5F1F}.Debug|Any CPU.ActiveCfg = Debug|Any CPU
		{5107E5B4-4555-4D57-AD05-D929CDAA5F1F}.Debug|Any CPU.Build.0 = Debug|Any CPU
		{5107E5B4-4555-4D57-AD05-D929CDAA5F1F}.Release|Any CPU.ActiveCfg = Release|Any CPU
		{5107E5B4-4555-4D57-AD05-D929CDAA5F1F}.Release|Any CPU.Build.0 = Release|Any CPU
		{8CEEAFDC-F72E-4356-9770-E365CAB6E50A}.Debug|Any CPU.ActiveCfg = Debug|Any CPU
		{8CEEAFDC-F72E-4356-9770-E365CAB6E50A}.Debug|Any CPU.Build.0 = Debug|Any CPU
		{8CEEAFDC-F72E-4356-9770-E365CAB6E50A}.Release|Any CPU.ActiveCfg = Release|Any CPU
		{8CEEAFDC-F72E-4356-9770-E365CAB6E50A}.Release|Any CPU.Build.0 = Release|Any CPU
		{31197FF1-AB75-4AA5-BBED-DB821EC2B25C}.Debug|Any CPU.ActiveCfg = Debug|Any CPU
		{31197FF1-AB75-4AA5-BBED-DB821EC2B25C}.Debug|Any CPU.Build.0 = Debug|Any CPU
		{31197FF1-AB75-4AA5-BBED-DB821EC2B25C}.Release|Any CPU.ActiveCfg = Release|Any CPU
		{31197FF1-AB75-4AA5-BBED-DB821EC2B25C}.Release|Any CPU.Build.0 = Release|Any CPU
		{67FAE321-B1F2-401B-B5F6-520D3FC7A2E3}.Debug|Any CPU.ActiveCfg = Debug|Any CPU
		{67FAE321-B1F2-401B-B5F6-520D3FC7A2E3}.Debug|Any CPU.Build.0 = Debug|Any CPU
		{67FAE321-B1F2-401B-B5F6-520D3FC7A2E3}.Release|Any CPU.ActiveCfg = Release|Any CPU
		{67FAE321-B1F2-401B-B5F6-520D3FC7A2E3}.Release|Any CPU.Build.0 = Release|Any CPU
	EndGlobalSection
	GlobalSection(SolutionProperties) = preSolution
		HideSolutionNode = FALSE
	EndGlobalSection
	GlobalSection(NestedProjects) = preSolution
		{DA3EEC32-4820-48D2-9677-F7CD68A1C44A} = {7BCFA0FA-3E10-4E90-9158-7EF40A2815A5}
		{F954EDF3-DD71-432E-8F1B-5CEB31F04B37} = {4F2EE33D-7862-4F60-8153-0102D9B86F98}
		{B7F1CA42-0297-43D8-AAD8-7530924D8619} = {7BCFA0FA-3E10-4E90-9158-7EF40A2815A5}
		{CDF7D092-A4B7-434C-BA47-2D6CC9DAF9DB} = {7BCFA0FA-3E10-4E90-9158-7EF40A2815A5}
		{86C40DE6-C12A-4FBD-8673-7DEB01925677} = {7BCFA0FA-3E10-4E90-9158-7EF40A2815A5}
		{D7F72F21-0027-4188-9BB9-F6AB68983977} = {7BCFA0FA-3E10-4E90-9158-7EF40A2815A5}
		{B67B572C-50C1-4A69-A052-4542740F8965} = {DA3EEC32-4820-48D2-9677-F7CD68A1C44A}
		{9E78CA7E-FD84-474D-9B31-2F403F9A7331} = {86C40DE6-C12A-4FBD-8673-7DEB01925677}
		{5107E5B4-4555-4D57-AD05-D929CDAA5F1F} = {B7F1CA42-0297-43D8-AAD8-7530924D8619}
		{8CEEAFDC-F72E-4356-9770-E365CAB6E50A} = {CDF7D092-A4B7-434C-BA47-2D6CC9DAF9DB}
		{31197FF1-AB75-4AA5-BBED-DB821EC2B25C} = {D7F72F21-0027-4188-9BB9-F6AB68983977}
		{67FAE321-B1F2-401B-B5F6-520D3FC7A2E3} = {65E2724B-9564-4829-B0ED-A0E5D27034F3}
	EndGlobalSection
EndGlobal
